// !$*UTF8*$!
{
	archiveVersion = 1;
	classes = {
	};
	objectVersion = 46;
	objects = {

/* Begin PBXBuildFile section */
		09D413601ABDC421009FB82A /* main.m in Sources */ = {isa = PBXBuildFile; fileRef = 09D4135F1ABDC421009FB82A /* main.m */; };
		09D413631ABDC421009FB82A /* AppDelegate.m in Sources */ = {isa = PBXBuildFile; fileRef = 09D413621ABDC421009FB82A /* AppDelegate.m */; };
		09D413661ABDC421009FB82A /* ViewController.m in Sources */ = {isa = PBXBuildFile; fileRef = 09D413651ABDC421009FB82A /* ViewController.m */; };
		09D413691ABDC421009FB82A /* Main.storyboard in Resources */ = {isa = PBXBuildFile; fileRef = 09D413671ABDC421009FB82A /* Main.storyboard */; };
		09D4136B1ABDC421009FB82A /* Images.xcassets in Resources */ = {isa = PBXBuildFile; fileRef = 09D4136A1ABDC421009FB82A /* Images.xcassets */; };
		09D4136E1ABDC421009FB82A /* LaunchScreen.xib in Resources */ = {isa = PBXBuildFile; fileRef = 09D4136C1ABDC421009FB82A /* LaunchScreen.xib */; };
		09D4137A1ABDC421009FB82A /* ReedHubTests.m in Sources */ = {isa = PBXBuildFile; fileRef = 09D413791ABDC421009FB82A /* ReedHubTests.m */; };
/* End PBXBuildFile section */

/* Begin PBXContainerItemProxy section */
		09D413741ABDC421009FB82A /* PBXContainerItemProxy */ = {
			isa = PBXContainerItemProxy;
			containerPortal = 09D413521ABDC421009FB82A /* Project object */;
			proxyType = 1;
			remoteGlobalIDString = 09D413591ABDC421009FB82A;
			remoteInfo = ReedHub;
		};
/* End PBXContainerItemProxy section */

/* Begin PBXFileReference section */
		09D4135A1ABDC421009FB82A /* ReedHub.app */ = {isa = PBXFileReference; explicitFileType = wrapper.application; includeInIndex = 0; path = ReedHub.app; sourceTree = BUILT_PRODUCTS_DIR; };
		09D4135E1ABDC421009FB82A /* Info.plist */ = {isa = PBXFileReference; lastKnownFileType = text.plist.xml; path = Info.plist; sourceTree = "<group>"; };
		09D4135F1ABDC421009FB82A /* main.m */ = {isa = PBXFileReference; lastKnownFileType = sourcecode.c.objc; path = main.m; sourceTree = "<group>"; };
		09D413611ABDC421009FB82A /* AppDelegate.h */ = {isa = PBXFileReference; lastKnownFileType = sourcecode.c.h; path = AppDelegate.h; sourceTree = "<group>"; };
		09D413621ABDC421009FB82A /* AppDelegate.m */ = {isa = PBXFileReference; lastKnownFileType = sourcecode.c.objc; path = AppDelegate.m; sourceTree = "<group>"; };
		09D413641ABDC421009FB82A /* ViewController.h */ = {isa = PBXFileReference; lastKnownFileType = sourcecode.c.h; path = ViewController.h; sourceTree = "<group>"; };
		09D413651ABDC421009FB82A /* ViewController.m */ = {isa = PBXFileReference; lastKnownFileType = sourcecode.c.objc; path = ViewController.m; sourceTree = "<group>"; };
		09D413681ABDC421009FB82A /* Base */ = {isa = PBXFileReference; lastKnownFileType = file.storyboard; name = Base; path = Base.lproj/Main.storyboard; sourceTree = "<group>"; };
		09D4136A1ABDC421009FB82A /* Images.xcassets */ = {isa = PBXFileReference; lastKnownFileType = folder.assetcatalog; path = Images.xcassets; sourceTree = "<group>"; };
		09D4136D1ABDC421009FB82A /* Base */ = {isa = PBXFileReference; lastKnownFileType = file.xib; name = Base; path = Base.lproj/LaunchScreen.xib; sourceTree = "<group>"; };
		09D413731ABDC421009FB82A /* ReedHubTests.xctest */ = {isa = PBXFileReference; explicitFileType = wrapper.cfbundle; includeInIndex = 0; path = ReedHubTests.xctest; sourceTree = BUILT_PRODUCTS_DIR; };
		09D413781ABDC421009FB82A /* Info.plist */ = {isa = PBXFileReference; lastKnownFileType = text.plist.xml; path = Info.plist; sourceTree = "<group>"; };
		09D413791ABDC421009FB82A /* ReedHubTests.m */ = {isa = PBXFileReference; lastKnownFileType = sourcecode.c.objc; path = ReedHubTests.m; sourceTree = "<group>"; };
/* End PBXFileReference section */

/* Begin PBXFrameworksBuildPhase section */
		09D413571ABDC421009FB82A /* Frameworks */ = {
			isa = PBXFrameworksBuildPhase;
			buildActionMask = 2147483647;
			files = (
			);
			runOnlyForDeploymentPostprocessing = 0;
		};
		09D413701ABDC421009FB82A /* Frameworks */ = {
			isa = PBXFrameworksBuildPhase;
			buildActionMask = 2147483647;
			files = (
			);
			runOnlyForDeploymentPostprocessing = 0;
		};
/* End PBXFrameworksBuildPhase section */

/* Begin PBXGroup section */
		09D413511ABDC421009FB82A = {
			isa = PBXGroup;
			children = (
				09D4135C1ABDC421009FB82A /* ReedHub */,
				09D413761ABDC421009FB82A /* ReedHubTests */,
				09D4135B1ABDC421009FB82A /* Products */,
			);
			sourceTree = "<group>";
		};
		09D4135B1ABDC421009FB82A /* Products */ = {
			isa = PBXGroup;
			children = (
				09D4135A1ABDC421009FB82A /* ReedHub.app */,
				09D413731ABDC421009FB82A /* ReedHubTests.xctest */,
			);
			name = Products;
			sourceTree = "<group>";
		};
		09D4135C1ABDC421009FB82A /* ReedHub */ = {
			isa = PBXGroup;
			children = (
				09D413611ABDC421009FB82A /* AppDelegate.h */,
				09D413621ABDC421009FB82A /* AppDelegate.m */,
				09D413641ABDC421009FB82A /* ViewController.h */,
				09D413651ABDC421009FB82A /* ViewController.m */,
				09D413671ABDC421009FB82A /* Main.storyboard */,
				09D4136A1ABDC421009FB82A /* Images.xcassets */,
				09D4136C1ABDC421009FB82A /* LaunchScreen.xib */,
				09D4135D1ABDC421009FB82A /* Supporting Files */,
			);
			path = ReedHub;
			sourceTree = "<group>";
		};
		09D4135D1ABDC421009FB82A /* Supporting Files */ = {
			isa = PBXGroup;
			children = (
				09D4135E1ABDC421009FB82A /* Info.plist */,
				09D4135F1ABDC421009FB82A /* main.m */,
			);
			name = "Supporting Files";
			sourceTree = "<group>";
		};
		09D413761ABDC421009FB82A /* ReedHubTests */ = {
			isa = PBXGroup;
			children = (
				09D413791ABDC421009FB82A /* ReedHubTests.m */,
				09D413771ABDC421009FB82A /* Supporting Files */,
			);
			path = ReedHubTests;
			sourceTree = "<group>";
		};
		09D413771ABDC421009FB82A /* Supporting Files */ = {
			isa = PBXGroup;
			children = (
				09D413781ABDC421009FB82A /* Info.plist */,
			);
			name = "Supporting Files";
			sourceTree = "<group>";
		};
/* End PBXGroup section */

/* Begin PBXNativeTarget section */
		09D413591ABDC421009FB82A /* ReedHub */ = {
			isa = PBXNativeTarget;
			buildConfigurationList = 09D4137D1ABDC421009FB82A /* Build configuration list for PBXNativeTarget "ReedHub" */;
			buildPhases = (
				09D413561ABDC421009FB82A /* Sources */,
				09D413571ABDC421009FB82A /* Frameworks */,
				09D413581ABDC421009FB82A /* Resources */,
			);
			buildRules = (
			);
			dependencies = (
			);
			name = ReedHub;
			productName = ReedHub;
			productReference = 09D4135A1ABDC421009FB82A /* ReedHub.app */;
			productType = "com.apple.product-type.application";
		};
		09D413721ABDC421009FB82A /* ReedHubTests */ = {
			isa = PBXNativeTarget;
			buildConfigurationList = 09D413801ABDC421009FB82A /* Build configuration list for PBXNativeTarget "ReedHubTests" */;
			buildPhases = (
				09D4136F1ABDC421009FB82A /* Sources */,
				09D413701ABDC421009FB82A /* Frameworks */,
				09D413711ABDC421009FB82A /* Resources */,
			);
			buildRules = (
			);
			dependencies = (
				09D413751ABDC421009FB82A /* PBXTargetDependency */,
			);
			name = ReedHubTests;
			productName = ReedHubTests;
			productReference = 09D413731ABDC421009FB82A /* ReedHubTests.xctest */;
			productType = "com.apple.product-type.bundle.unit-test";
		};
/* End PBXNativeTarget section */

/* Begin PBXProject section */
		09D413521ABDC421009FB82A /* Project object */ = {
			isa = PBXProject;
			attributes = {
				LastUpgradeCheck = 0620;
				ORGANIZATIONNAME = mt;
				TargetAttributes = {
					09D413591ABDC421009FB82A = {
						CreatedOnToolsVersion = 6.2;
					};
					09D413721ABDC421009FB82A = {
						CreatedOnToolsVersion = 6.2;
						TestTargetID = 09D413591ABDC421009FB82A;
					};
				};
			};
			buildConfigurationList = 09D413551ABDC421009FB82A /* Build configuration list for PBXProject "ReedHub" */;
			compatibilityVersion = "Xcode 3.2";
			developmentRegion = English;
			hasScannedForEncodings = 0;
			knownRegions = (
				en,
				Base,
			);
			mainGroup = 09D413511ABDC421009FB82A;
			productRefGroup = 09D4135B1ABDC421009FB82A /* Products */;
			projectDirPath = "";
			projectRoot = "";
			targets = (
				09D413591ABDC421009FB82A /* ReedHub */,
				09D413721ABDC421009FB82A /* ReedHubTests */,
			);
		};
/* End PBXProject section */

/* Begin PBXResourcesBuildPhase section */
		09D413581ABDC421009FB82A /* Resources */ = {
			isa = PBXResourcesBuildPhase;
			buildActionMask = 2147483647;
			files = (
				09D413691ABDC421009FB82A /* Main.storyboard in Resources */,
				09D4136E1ABDC421009FB82A /* LaunchScreen.xib in Resources */,
				09D4136B1ABDC421009FB82A /* Images.xcassets in Resources */,
			);
			runOnlyForDeploymentPostprocessing = 0;
		};
		09D413711ABDC421009FB82A /* Resources */ = {
			isa = PBXResourcesBuildPhase;
			buildActionMask = 2147483647;
			files = (
			);
			runOnlyForDeploymentPostprocessing = 0;
		};
/* End PBXResourcesBuildPhase section */

/* Begin PBXSourcesBuildPhase section */
		09D413561ABDC421009FB82A /* Sources */ = {
			isa = PBXSourcesBuildPhase;
			buildActionMask = 2147483647;
			files = (
				09D413661ABDC421009FB82A /* ViewController.m in Sources */,
				09D413631ABDC421009FB82A /* AppDelegate.m in Sources */,
				09D413601ABDC421009FB82A /* main.m in Sources */,
			);
			runOnlyForDeploymentPostprocessing = 0;
		};
		09D4136F1ABDC421009FB82A /* Sources */ = {
			isa = PBXSourcesBuildPhase;
			buildActionMask = 2147483647;
			files = (
				09D4137A1ABDC421009FB82A /* ReedHubTests.m in Sources */,
			);
			runOnlyForDeploymentPostprocessing = 0;
		};
/* End PBXSourcesBuildPhase section */

/* Begin PBXTargetDependency section */
		09D413751ABDC421009FB82A /* PBXTargetDependency */ = {
			isa = PBXTargetDependency;
			target = 09D413591ABDC421009FB82A /* ReedHub */;
			targetProxy = 09D413741ABDC421009FB82A /* PBXContainerItemProxy */;
		};
/* End PBXTargetDependency section */

/* Begin PBXVariantGroup section */
		09D413671ABDC421009FB82A /* Main.storyboard */ = {
			isa = PBXVariantGroup;
			children = (
				09D413681ABDC421009FB82A /* Base */,
			);
			name = Main.storyboard;
			sourceTree = "<group>";
		};
		09D4136C1ABDC421009FB82A /* LaunchScreen.xib */ = {
			isa = PBXVariantGroup;
			children = (
				09D4136D1ABDC421009FB82A /* Base */,
			);
			name = LaunchScreen.xib;
			sourceTree = "<group>";
		};
/* End PBXVariantGroup section */

/* Begin XCBuildConfiguration section */
		09D4137B1ABDC421009FB82A /* Debug */ = {
			isa = XCBuildConfiguration;
			buildSettings = {
				ALWAYS_SEARCH_USER_PATHS = NO;
				CLANG_CXX_LANGUAGE_STANDARD = "gnu++0x";
				CLANG_CXX_LIBRARY = "libc++";
				CLANG_ENABLE_MODULES = YES;
				CLANG_ENABLE_OBJC_ARC = YES;
				CLANG_WARN_BOOL_CONVERSION = YES;
				CLANG_WARN_CONSTANT_CONVERSION = YES;
				CLANG_WARN_DIRECT_OBJC_ISA_USAGE = YES_ERROR;
				CLANG_WARN_EMPTY_BODY = YES;
				CLANG_WARN_ENUM_CONVERSION = YES;
				CLANG_WARN_INT_CONVERSION = YES;
				CLANG_WARN_OBJC_ROOT_CLASS = YES_ERROR;
				CLANG_WARN_UNREACHABLE_CODE = YES;
				CLANG_WARN__DUPLICATE_METHOD_MATCH = YES;
				"CODE_SIGN_IDENTITY[sdk=iphoneos*]" = "iPhone Developer";
				COPY_PHASE_STRIP = NO;
				ENABLE_STRICT_OBJC_MSGSEND = YES;
				GCC_C_LANGUAGE_STANDARD = gnu99;
				GCC_DYNAMIC_NO_PIC = NO;
				GCC_OPTIMIZATION_LEVEL = 0;
				GCC_PREPROCESSOR_DEFINITIONS = (
					"DEBUG=1",
					"$(inherited)",
				);
				GCC_SYMBOLS_PRIVATE_EXTERN = NO;
				GCC_WARN_64_TO_32_BIT_CONVERSION = YES;
				GCC_WARN_ABOUT_RETURN_TYPE = YES_ERROR;
				GCC_WARN_UNDECLARED_SELECTOR = YES;
				GCC_WARN_UNINITIALIZED_AUTOS = YES_AGGRESSIVE;
				GCC_WARN_UNUSED_FUNCTION = YES;
				GCC_WARN_UNUSED_VARIABLE = YES;
				IPHONEOS_DEPLOYMENT_TARGET = 8.2;
				MTL_ENABLE_DEBUG_INFO = YES;
				ONLY_ACTIVE_ARCH = YES;
				SDKROOT = iphoneos;
			};
			name = Debug;
		};
		09D4137C1ABDC421009FB82A /* Release */ = {
			isa = XCBuildConfiguration;
			buildSettings = {
				ALWAYS_SEARCH_USER_PATHS = NO;
				CLANG_CXX_LANGUAGE_STANDARD = "gnu++0x";
				CLANG_CXX_LIBRARY = "libc++";
				CLANG_ENABLE_MODULES = YES;
				CLANG_ENABLE_OBJC_ARC = YES;
				CLANG_WARN_BOOL_CONVERSION = YES;
				CLANG_WARN_CONSTANT_CONVERSION = YES;
				CLANG_WARN_DIRECT_OBJC_ISA_USAGE = YES_ERROR;
				CLANG_WARN_EMPTY_BODY = YES;
				CLANG_WARN_ENUM_CONVERSION = YES;
				CLANG_WARN_INT_CONVERSION = YES;
				CLANG_WARN_OBJC_ROOT_CLASS = YES_ERROR;
				CLANG_WARN_UNREACHABLE_CODE = YES;
				CLANG_WARN__DUPLICATE_METHOD_MATCH = YES;
				"CODE_SIGN_IDENTITY[sdk=iphoneos*]" = "iPhone Developer";
				COPY_PHASE_STRIP = NO;
				ENABLE_NS_ASSERTIONS = NO;
				ENABLE_STRICT_OBJC_MSGSEND = YES;
				GCC_C_LANGUAGE_STANDARD = gnu99;
				GCC_WARN_64_TO_32_BIT_CONVERSION = YES;
				GCC_WARN_ABOUT_RETURN_TYPE = YES_ERROR;
				GCC_WARN_UNDECLARED_SELECTOR = YES;
				GCC_WARN_UNINITIALIZED_AUTOS = YES_AGGRESSIVE;
				GCC_WARN_UNUSED_FUNCTION = YES;
				GCC_WARN_UNUSED_VARIABLE = YES;
				IPHONEOS_DEPLOYMENT_TARGET = 8.2;
				MTL_ENABLE_DEBUG_INFO = NO;
				SDKROOT = iphoneos;
				VALIDATE_PRODUCT = YES;
			};
			name = Release;
		};
		09D4137E1ABDC421009FB82A /* Debug */ = {
			isa = XCBuildConfiguration;
			buildSettings = {
				ASSETCATALOG_COMPILER_APPICON_NAME = AppIcon;
				INFOPLIST_FILE = ReedHub/Info.plist;
				LD_RUNPATH_SEARCH_PATHS = "$(inherited) @executable_path/Frameworks";
				PRODUCT_NAME = "$(TARGET_NAME)";
			};
			name = Debug;
		};
		09D4137F1ABDC421009FB82A /* Release */ = {
			isa = XCBuildConfiguration;
			buildSettings = {
				ASSETCATALOG_COMPILER_APPICON_NAME = AppIcon;
				INFOPLIST_FILE = ReedHub/Info.plist;
				LD_RUNPATH_SEARCH_PATHS = "$(inherited) @executable_path/Frameworks";
				PRODUCT_NAME = "$(TARGET_NAME)";
			};
			name = Release;
		};
		09D413811ABDC421009FB82A /* Debug */ = {
			isa = XCBuildConfiguration;
			buildSettings = {
				BUNDLE_LOADER = "$(TEST_HOST)";
				FRAMEWORK_SEARCH_PATHS = (
					"$(SDKROOT)/Developer/Library/Frameworks",
					"$(inherited)",
				);
				GCC_PREPROCESSOR_DEFINITIONS = (
					"DEBUG=1",
					"$(inherited)",
				);
				INFOPLIST_FILE = ReedHubTests/Info.plist;
				LD_RUNPATH_SEARCH_PATHS = "$(inherited) @executable_path/Frameworks @loader_path/Frameworks";
				PRODUCT_NAME = "$(TARGET_NAME)";
				TEST_HOST = "$(BUILT_PRODUCTS_DIR)/ReedHub.app/ReedHub";
			};
			name = Debug;
		};
		09D413821ABDC421009FB82A /* Release */ = {
			isa = XCBuildConfiguration;
			buildSettings = {
				BUNDLE_LOADER = "$(TEST_HOST)";
				FRAMEWORK_SEARCH_PATHS = (
					"$(SDKROOT)/Developer/Library/Frameworks",
					"$(inherited)",
				);
				INFOPLIST_FILE = ReedHubTests/Info.plist;
				LD_RUNPATH_SEARCH_PATHS = "$(inherited) @executable_path/Frameworks @loader_path/Frameworks";
				PRODUCT_NAME = "$(TARGET_NAME)";
				TEST_HOST = "$(BUILT_PRODUCTS_DIR)/ReedHub.app/ReedHub";
			};
			name = Release;
		};
/* End XCBuildConfiguration section */

/* Begin XCConfigurationList section */
		09D413551ABDC421009FB82A /* Build configuration list for PBXProject "ReedHub" */ = {
			isa = XCConfigurationList;
			buildConfigurations = (
				09D4137B1ABDC421009FB82A /* Debug */,
				09D4137C1ABDC421009FB82A /* Release */,
			);
			defaultConfigurationIsVisible = 0;
			defaultConfigurationName = Release;
		};
		09D4137D1ABDC421009FB82A /* Build configuration list for PBXNativeTarget "ReedHub" */ = {
			isa = XCConfigurationList;
			buildConfigurations = (
				09D4137E1ABDC421009FB82A /* Debug */,
				09D4137F1ABDC421009FB82A /* Release */,
			);
			defaultConfigurationIsVisible = 0;
		};
		09D413801ABDC421009FB82A /* Build configuration list for PBXNativeTarget "ReedHubTests" */ = {
			isa = XCConfigurationList;
			buildConfigurations = (
				09D413811ABDC421009FB82A /* Debug */,
				09D413821ABDC421009FB82A /* Release */,
			);
			defaultConfigurationIsVisible = 0;
		};
/* End XCConfigurationList section */
	};
	rootObject = 09D413521ABDC421009FB82A /* Project object */;
}
